
Microsoft Visual Studio Solution File, Format Version 12.00
# Visual Studio 15
VisualStudioVersion = 15.0.28307.572
MinimumVisualStudioVersion = 10.0.40219.1
Project("{FAE04EC0-301F-11D3-BF4B-00C04F79EFBC}") = "ConsoleHelloWorld", "ConsoleHelloWorld\ConsoleHelloWorld.csproj", "{7462DAE9-30AE-465A-A36C-8EBECF8C4B4E}"
EndProject
Global
	GlobalSection(SolutionConfigurationPlatforms) = preSolution
		Debug|Any CPU = Debug|Any CPU
		Release|Any CPU = Release|Any CPU
	EndGlobalSection
	GlobalSection(ProjectConfigurationPlatforms) = postSolution
		{7462DAE9-30AE-465A-A36C-8EBECF8C4B4E}.Debug|Any CPU.ActiveCfg = Debug|Any CPU
		{7462DAE9-30AE-465A-A36C-8EBECF8C4B4E}.Debug|Any CPU.Build.0 = Debug|Any CPU
		{7462DAE9-30AE-465A-A36C-8EBECF8C4B4E}.Release|Any CPU.ActiveCfg = Release|Any CPU
		{7462DAE9-30AE-465A-A36C-8EBECF8C4B4E}.Release|Any CPU.Build.0 = Release|Any CPU
	EndGlobalSection
	GlobalSection(SolutionProperties) = preSolution
		HideSolutionNode = FALSE
	EndGlobalSection
	GlobalSection(ExtensibilityGlobals) = postSolution
		SolutionGuid = {BE6350CF-36E7-4943-937F-B7847E813B91}
	EndGlobalSection
EndGlobal
